// !$*UTF8*$!
{
	archiveVersion = 1;
	classes = {
	};
	objectVersion = 46;
	objects = {

/* Begin PBXBuildFile section */
		8DB1108B1A9A0E1C003B88ED /* main.swift in Sources */ = {isa = PBXBuildFile; fileRef = 8DB1108A1A9A0E1C003B88ED /* main.swift */; };
		8DB110921A9A15B0003B88ED /* SimpleQueue.swift in Sources */ = {isa = PBXBuildFile; fileRef = 8DB110911A9A15B0003B88ED /* SimpleQueue.swift */; };
/* End PBXBuildFile section */

/* Begin PBXCopyFilesBuildPhase section */
		8DB110851A9A0E1C003B88ED /* CopyFiles */ = {
			isa = PBXCopyFilesBuildPhase;
			buildActionMask = 2147483647;
			dstPath = /usr/share/man/man1/;
			dstSubfolderSpec = 0;
			files = (
			);
			runOnlyForDeploymentPostprocessing = 1;
		};
/* End PBXCopyFilesBuildPhase section */

/* Begin PBXFileReference section */
		8DB110871A9A0E1C003B88ED /* SimpleCollections */ = {isa = PBXFileReference; explicitFileType = "compiled.mach-o.executable"; includeInIndex = 0; path = SimpleCollections; sourceTree = BUILT_PRODUCTS_DIR; };
		8DB1108A1A9A0E1C003B88ED /* main.swift */ = {isa = PBXFileReference; lastKnownFileType = sourcecode.swift; path = main.swift; sourceTree = "<group>"; };
		8DB110911A9A15B0003B88ED /* SimpleQueue.swift */ = {isa = PBXFileReference; fileEncoding = 4; lastKnownFileType = sourcecode.swift; path = SimpleQueue.swift; sourceTree = "<group>"; };
/* End PBXFileReference section */

/* Begin PBXFrameworksBuildPhase section */
		8DB110841A9A0E1C003B88ED /* Frameworks */ = {
			isa = PBXFrameworksBuildPhase;
			buildActionMask = 2147483647;
			files = (
			);
			runOnlyForDeploymentPostprocessing = 0;
		};
/* End PBXFrameworksBuildPhase section */

/* Begin PBXGroup section */
		8DB1107E1A9A0E1C003B88ED = {
			isa = PBXGroup;
			children = (
				8DB110891A9A0E1C003B88ED /* SimpleCollections */,
				8DB110881A9A0E1C003B88ED /* Products */,
			);
			sourceTree = "<group>";
		};
		8DB110881A9A0E1C003B88ED /* Products */ = {
			isa = PBXGroup;
			children = (
				8DB110871A9A0E1C003B88ED /* SimpleCollections */,
			);
			name = Products;
			sourceTree = "<group>";
		};
		8DB110891A9A0E1C003B88ED /* SimpleCollections */ = {
			isa = PBXGroup;
			children = (
				8DB1108A1A9A0E1C003B88ED /* main.swift */,
				8DB110911A9A15B0003B88ED /* SimpleQueue.swift */,
			);
			path = SimpleCollections;
			sourceTree = "<group>";
		};
/* End PBXGroup section */

/* Begin PBXNativeTarget section */
		8DB110861A9A0E1C003B88ED /* SimpleCollections */ = {
			isa = PBXNativeTarget;
			buildConfigurationList = 8DB1108E1A9A0E1C003B88ED /* Build configuration list for PBXNativeTarget "SimpleCollections" */;
			buildPhases = (
				8DB110831A9A0E1C003B88ED /* Sources */,
				8DB110841A9A0E1C003B88ED /* Frameworks */,
				8DB110851A9A0E1C003B88ED /* CopyFiles */,
			);
			buildRules = (
			);
			dependencies = (
			);
			name = SimpleCollections;
			productName = SimpleCollections;
			productReference = 8DB110871A9A0E1C003B88ED /* SimpleCollections */;
			productType = "com.apple.product-type.tool";
		};
/* End PBXNativeTarget section */

/* Begin PBXProject section */
		8DB1107F1A9A0E1C003B88ED /* Project object */ = {
			isa = PBXProject;
			attributes = {
				LastUpgradeCheck = 0610;
				ORGANIZATIONNAME = com.home;
				TargetAttributes = {
					8DB110861A9A0E1C003B88ED = {
						CreatedOnToolsVersion = 6.1.1;
					};
				};
			};
			buildConfigurationList = 8DB110821A9A0E1C003B88ED /* Build configuration list for PBXProject "SimpleCollections" */;
			compatibilityVersion = "Xcode 3.2";
			developmentRegion = English;
			hasScannedForEncodings = 0;
			knownRegions = (
				en,
			);
			mainGroup = 8DB1107E1A9A0E1C003B88ED;
			productRefGroup = 8DB110881A9A0E1C003B88ED /* Products */;
			projectDirPath = "";
			projectRoot = "";
			targets = (
				8DB110861A9A0E1C003B88ED /* SimpleCollections */,
			);
		};
/* End PBXProject section */

/* Begin PBXSourcesBuildPhase section */
		8DB110831A9A0E1C003B88ED /* Sources */ = {
			isa = PBXSourcesBuildPhase;
			buildActionMask = 2147483647;
			files = (
				8DB1108B1A9A0E1C003B88ED /* main.swift in Sources */,
				8DB110921A9A15B0003B88ED /* SimpleQueue.swift in Sources */,
			);
			runOnlyForDeploymentPostprocessing = 0;
		};
/* End PBXSourcesBuildPhase section */

/* Begin XCBuildConfiguration section */
		8DB1108C1A9A0E1C003B88ED /* Debug */ = {
			isa = XCBuildConfiguration;
			buildSettings = {
				ALWAYS_SEARCH_USER_PATHS = NO;
				CLANG_CXX_LANGUAGE_STANDARD = "gnu++0x";
				CLANG_CXX_LIBRARY = "libc++";
				CLANG_ENABLE_MODULES = YES;
				CLANG_ENABLE_OBJC_ARC = YES;
				CLANG_WARN_BOOL_CONVERSION = YES;
				CLANG_WARN_CONSTANT_CONVERSION = YES;
				CLANG_WARN_DIRECT_OBJC_ISA_USAGE = YES_ERROR;
				CLANG_WARN_EMPTY_BODY = YES;
				CLANG_WARN_ENUM_CONVERSION = YES;
				CLANG_WARN_INT_CONVERSION = YES;
				CLANG_WARN_OBJC_ROOT_CLASS = YES_ERROR;
				CLANG_WARN_UNREACHABLE_CODE = YES;
				CLANG_WARN__DUPLICATE_METHOD_MATCH = YES;
				COPY_PHASE_STRIP = NO;
				ENABLE_STRICT_OBJC_MSGSEND = YES;
				GCC_C_LANGUAGE_STANDARD = gnu99;
				GCC_DYNAMIC_NO_PIC = NO;
				GCC_OPTIMIZATION_LEVEL = 0;
				GCC_PREPROCESSOR_DEFINITIONS = (
					"DEBUG=1",
					"$(inherited)",
				);
				GCC_SYMBOLS_PRIVATE_EXTERN = NO;
				GCC_WARN_64_TO_32_BIT_CONVERSION = YES;
				GCC_WARN_ABOUT_RETURN_TYPE = YES_ERROR;
				GCC_WARN_UNDECLARED_SELECTOR = YES;
				GCC_WARN_UNINITIALIZED_AUTOS = YES_AGGRESSIVE;
				GCC_WARN_UNUSED_FUNCTION = YES;
				GCC_WARN_UNUSED_VARIABLE = YES;
				MACOSX_DEPLOYMENT_TARGET = 10.10;
				MTL_ENABLE_DEBUG_INFO = YES;
				ONLY_ACTIVE_ARCH = YES;
				SDKROOT = macosx;
				SWIFT_OPTIMIZATION_LEVEL = "-Onone";
			};
			name = Debug;
		};
		8DB1108D1A9A0E1C003B88ED /* Release */ = {
			isa = XCBuildConfiguration;
			buildSettings = {
				ALWAYS_SEARCH_USER_PATHS = NO;
				CLANG_CXX_LANGUAGE_STANDARD = "gnu++0x";
				CLANG_CXX_LIBRARY = "libc++";
				CLANG_ENABLE_MODULES = YES;
				CLANG_ENABLE_OBJC_ARC = YES;
				CLANG_WARN_BOOL_CONVERSION = YES;
				CLANG_WARN_CONSTANT_CONVERSION = YES;
				CLANG_WARN_DIRECT_OBJC_ISA_USAGE = YES_ERROR;
				CLANG_WARN_EMPTY_BODY = YES;
				CLANG_WARN_ENUM_CONVERSION = YES;
				CLANG_WARN_INT_CONVERSION = YES;
				CLANG_WARN_OBJC_ROOT_CLASS = YES_ERROR;
				CLANG_WARN_UNREACHABLE_CODE = YES;
				CLANG_WARN__DUPLICATE_METHOD_MATCH = YES;
				COPY_PHASE_STRIP = YES;
				DEBUG_INFORMATION_FORMAT = "dwarf-with-dsym";
				ENABLE_NS_ASSERTIONS = NO;
				ENABLE_STRICT_OBJC_MSGSEND = YES;
				GCC_C_LANGUAGE_STANDARD = gnu99;
				GCC_WARN_64_TO_32_BIT_CONVERSION = YES;
				GCC_WARN_ABOUT_RETURN_TYPE = YES_ERROR;
				GCC_WARN_UNDECLARED_SELECTOR = YES;
				GCC_WARN_UNINITIALIZED_AUTOS = YES_AGGRESSIVE;
				GCC_WARN_UNUSED_FUNCTION = YES;
				GCC_WARN_UNUSED_VARIABLE = YES;
				MACOSX_DEPLOYMENT_TARGET = 10.10;
				MTL_ENABLE_DEBUG_INFO = NO;
				SDKROOT = macosx;
			};
			name = Release;
		};
		8DB1108F1A9A0E1C003B88ED /* Debug */ = {
			isa = XCBuildConfiguration;
			buildSettings = {
				PRODUCT_NAME = "$(TARGET_NAME)";
			};
			name = Debug;
		};
		8DB110901A9A0E1C003B88ED /* Release */ = {
			isa = XCBuildConfiguration;
			buildSettings = {
				PRODUCT_NAME = "$(TARGET_NAME)";
			};
			name = Release;
		};
/* End XCBuildConfiguration section */

/* Begin XCConfigurationList section */
		8DB110821A9A0E1C003B88ED /* Build configuration list for PBXProject "SimpleCollections" */ = {
			isa = XCConfigurationList;
			buildConfigurations = (
				8DB1108C1A9A0E1C003B88ED /* Debug */,
				8DB1108D1A9A0E1C003B88ED /* Release */,
			);
			defaultConfigurationIsVisible = 0;
			defaultConfigurationName = Release;
		};
		8DB1108E1A9A0E1C003B88ED /* Build configuration list for PBXNativeTarget "SimpleCollections" */ = {
			isa = XCConfigurationList;
			buildConfigurations = (
				8DB1108F1A9A0E1C003B88ED /* Debug */,
				8DB110901A9A0E1C003B88ED /* Release */,
			);
			defaultConfigurationIsVisible = 0;
		};
/* End XCConfigurationList section */
	};
	rootObject = 8DB1107F1A9A0E1C003B88ED /* Project object */;
}
