// !$*UTF8*$!
{
	archiveVersion = 1;
	classes = {
	};
	objectVersion = 46;
	objects = {

/* Begin PBXBuildFile section */
		8DB1108B1A9A0E1C003B88ED /* main.swift in Sources */ = {isa = PBXBuildFile; fileRef = 8DB1108A1A9A0E1C003B88ED /* main.swift */; };
		8DB110921A9A15B0003B88ED /* SimpleQueue.swift in Sources */ = {isa = PBXBuildFile; fileRef = 8DB110911A9A15B0003B88ED /* SimpleQueue.swift */; };
		CE855C9D1A9CA301007CB9D4 /* SimpleCollectionsTests.swift in Sources */ = {isa = PBXBuildFile; fileRef = CE855C9C1A9CA301007CB9D4 /* SimpleCollectionsTests.swift */; };
		CE855CA31A9CAB53007CB9D4 /* SimpleQueueTests.swift in Sources */ = {isa = PBXBuildFile; fileRef = CE855CA11A9CAB42007CB9D4 /* SimpleQueueTests.swift */; };
		CE855CA51A9CBFEC007CB9D4 /* SimpleQueue.swift in Sources */ = {isa = PBXBuildFile; fileRef = 8DB110911A9A15B0003B88ED /* SimpleQueue.swift */; };
		CE855CA81A9CCC6F007CB9D4 /* SimpleQueueTestResults in Resources */ = {isa = PBXBuildFile; fileRef = CE855CA71A9CCC6F007CB9D4 /* SimpleQueueTestResults */; };
		CE855CAA1A9CCDBA007CB9D4 /* SimpleQueueTestResults.graph in Resources */ = {isa = PBXBuildFile; fileRef = CE855CA91A9CCDBA007CB9D4 /* SimpleQueueTestResults.graph */; };
/* End PBXBuildFile section */

/* Begin PBXCopyFilesBuildPhase section */
		8DB110851A9A0E1C003B88ED /* CopyFiles */ = {
			isa = PBXCopyFilesBuildPhase;
			buildActionMask = 2147483647;
			dstPath = /usr/share/man/man1/;
			dstSubfolderSpec = 0;
			files = (
			);
			runOnlyForDeploymentPostprocessing = 1;
		};
/* End PBXCopyFilesBuildPhase section */

/* Begin PBXFileReference section */
		8DB110871A9A0E1C003B88ED /* SimpleCollections */ = {isa = PBXFileReference; explicitFileType = "compiled.mach-o.executable"; includeInIndex = 0; path = SimpleCollections; sourceTree = BUILT_PRODUCTS_DIR; };
		8DB1108A1A9A0E1C003B88ED /* main.swift */ = {isa = PBXFileReference; lastKnownFileType = sourcecode.swift; path = main.swift; sourceTree = "<group>"; };
		8DB110911A9A15B0003B88ED /* SimpleQueue.swift */ = {isa = PBXFileReference; fileEncoding = 4; lastKnownFileType = sourcecode.swift; path = SimpleQueue.swift; sourceTree = "<group>"; };
		CE855C981A9CA301007CB9D4 /* SimpleCollectionsTests.xctest */ = {isa = PBXFileReference; explicitFileType = wrapper.cfbundle; includeInIndex = 0; path = SimpleCollectionsTests.xctest; sourceTree = BUILT_PRODUCTS_DIR; };
		CE855C9B1A9CA301007CB9D4 /* Info.plist */ = {isa = PBXFileReference; lastKnownFileType = text.plist.xml; path = Info.plist; sourceTree = "<group>"; };
		CE855C9C1A9CA301007CB9D4 /* SimpleCollectionsTests.swift */ = {isa = PBXFileReference; lastKnownFileType = sourcecode.swift; path = SimpleCollectionsTests.swift; sourceTree = "<group>"; };
		CE855CA11A9CAB42007CB9D4 /* SimpleQueueTests.swift */ = {isa = PBXFileReference; fileEncoding = 4; lastKnownFileType = sourcecode.swift; path = SimpleQueueTests.swift; sourceTree = "<group>"; };
		CE855CA71A9CCC6F007CB9D4 /* SimpleQueueTestResults */ = {isa = PBXFileReference; fileEncoding = 4; lastKnownFileType = text; name = SimpleQueueTestResults; path = data/SimpleQueueTestResults; sourceTree = "<group>"; };
		CE855CA91A9CCDBA007CB9D4 /* SimpleQueueTestResults.graph */ = {isa = PBXFileReference; fileEncoding = 4; lastKnownFileType = text; name = SimpleQueueTestResults.graph; path = data/SimpleQueueTestResults.graph; sourceTree = "<group>"; };
/* End PBXFileReference section */

/* Begin PBXFrameworksBuildPhase section */
		8DB110841A9A0E1C003B88ED /* Frameworks */ = {
			isa = PBXFrameworksBuildPhase;
			buildActionMask = 2147483647;
			files = (
			);
			runOnlyForDeploymentPostprocessing = 0;
		};
		CE855C951A9CA301007CB9D4 /* Frameworks */ = {
			isa = PBXFrameworksBuildPhase;
			buildActionMask = 2147483647;
			files = (
			);
			runOnlyForDeploymentPostprocessing = 0;
		};
/* End PBXFrameworksBuildPhase section */

/* Begin PBXGroup section */
		8DB1107E1A9A0E1C003B88ED = {
			isa = PBXGroup;
			children = (
				8DB110891A9A0E1C003B88ED /* SimpleCollections */,
				CE855C991A9CA301007CB9D4 /* SimpleCollectionsTests */,
				8DB110881A9A0E1C003B88ED /* Products */,
			);
			sourceTree = "<group>";
		};
		8DB110881A9A0E1C003B88ED /* Products */ = {
			isa = PBXGroup;
			children = (
				8DB110871A9A0E1C003B88ED /* SimpleCollections */,
				CE855C981A9CA301007CB9D4 /* SimpleCollectionsTests.xctest */,
			);
			name = Products;
			sourceTree = "<group>";
		};
		8DB110891A9A0E1C003B88ED /* SimpleCollections */ = {
			isa = PBXGroup;
			children = (
				8DB1108A1A9A0E1C003B88ED /* main.swift */,
				8DB110911A9A15B0003B88ED /* SimpleQueue.swift */,
			);
			path = SimpleCollections;
			sourceTree = "<group>";
		};
		CE855C991A9CA301007CB9D4 /* SimpleCollectionsTests */ = {
			isa = PBXGroup;
			children = (
				CE855CA61A9CCC32007CB9D4 /* data */,
				CE855C9C1A9CA301007CB9D4 /* SimpleCollectionsTests.swift */,
				CE855CA11A9CAB42007CB9D4 /* SimpleQueueTests.swift */,
				CE855C9A1A9CA301007CB9D4 /* Supporting Files */,
			);
			path = SimpleCollectionsTests;
			sourceTree = "<group>";
		};
		CE855C9A1A9CA301007CB9D4 /* Supporting Files */ = {
			isa = PBXGroup;
			children = (
				CE855C9B1A9CA301007CB9D4 /* Info.plist */,
			);
			name = "Supporting Files";
			sourceTree = "<group>";
		};
		CE855CA61A9CCC32007CB9D4 /* data */ = {
			isa = PBXGroup;
			children = (
				CE855CA71A9CCC6F007CB9D4 /* SimpleQueueTestResults */,
				CE855CA91A9CCDBA007CB9D4 /* SimpleQueueTestResults.graph */,
			);
			name = data;
			sourceTree = "<group>";
		};
/* End PBXGroup section */

/* Begin PBXNativeTarget section */
		8DB110861A9A0E1C003B88ED /* SimpleCollections */ = {
			isa = PBXNativeTarget;
			buildConfigurationList = 8DB1108E1A9A0E1C003B88ED /* Build configuration list for PBXNativeTarget "SimpleCollections" */;
			buildPhases = (
				8DB110831A9A0E1C003B88ED /* Sources */,
				8DB110841A9A0E1C003B88ED /* Frameworks */,
				8DB110851A9A0E1C003B88ED /* CopyFiles */,
			);
			buildRules = (
			);
			dependencies = (
			);
			name = SimpleCollections;
			productName = SimpleCollections;
			productReference = 8DB110871A9A0E1C003B88ED /* SimpleCollections */;
			productType = "com.apple.product-type.tool";
		};
		CE855C971A9CA301007CB9D4 /* SimpleCollectionsTests */ = {
			isa = PBXNativeTarget;
			buildConfigurationList = CE855CA01A9CA301007CB9D4 /* Build configuration list for PBXNativeTarget "SimpleCollectionsTests" */;
			buildPhases = (
				CE855C941A9CA301007CB9D4 /* Sources */,
				CE855C951A9CA301007CB9D4 /* Frameworks */,
				CE855C961A9CA301007CB9D4 /* Resources */,
			);
			buildRules = (
			);
			dependencies = (
			);
			name = SimpleCollectionsTests;
			productName = SimpleCollectionsTests;
			productReference = CE855C981A9CA301007CB9D4 /* SimpleCollectionsTests.xctest */;
			productType = "com.apple.product-type.bundle.unit-test";
		};
/* End PBXNativeTarget section */

/* Begin PBXProject section */
		8DB1107F1A9A0E1C003B88ED /* Project object */ = {
			isa = PBXProject;
			attributes = {
				LastUpgradeCheck = 0610;
				ORGANIZATIONNAME = com.home;
				TargetAttributes = {
					8DB110861A9A0E1C003B88ED = {
						CreatedOnToolsVersion = 6.1.1;
					};
					CE855C971A9CA301007CB9D4 = {
						CreatedOnToolsVersion = 6.1.1;
					};
				};
			};
			buildConfigurationList = 8DB110821A9A0E1C003B88ED /* Build configuration list for PBXProject "SimpleCollections" */;
			compatibilityVersion = "Xcode 3.2";
			developmentRegion = English;
			hasScannedForEncodings = 0;
			knownRegions = (
				en,
			);
			mainGroup = 8DB1107E1A9A0E1C003B88ED;
			productRefGroup = 8DB110881A9A0E1C003B88ED /* Products */;
			projectDirPath = "";
			projectRoot = "";
			targets = (
				8DB110861A9A0E1C003B88ED /* SimpleCollections */,
				CE855C971A9CA301007CB9D4 /* SimpleCollectionsTests */,
			);
		};
/* End PBXProject section */

/* Begin PBXResourcesBuildPhase section */
		CE855C961A9CA301007CB9D4 /* Resources */ = {
			isa = PBXResourcesBuildPhase;
			buildActionMask = 2147483647;
			files = (
				CE855CA81A9CCC6F007CB9D4 /* SimpleQueueTestResults in Resources */,
				CE855CAA1A9CCDBA007CB9D4 /* SimpleQueueTestResults.graph in Resources */,
			);
			runOnlyForDeploymentPostprocessing = 0;
		};
/* End PBXResourcesBuildPhase section */

/* Begin PBXSourcesBuildPhase section */
		8DB110831A9A0E1C003B88ED /* Sources */ = {
			isa = PBXSourcesBuildPhase;
			buildActionMask = 2147483647;
			files = (
				8DB1108B1A9A0E1C003B88ED /* main.swift in Sources */,
				8DB110921A9A15B0003B88ED /* SimpleQueue.swift in Sources */,
			);
			runOnlyForDeploymentPostprocessing = 0;
		};
		CE855C941A9CA301007CB9D4 /* Sources */ = {
			isa = PBXSourcesBuildPhase;
			buildActionMask = 2147483647;
			files = (
				CE855CA51A9CBFEC007CB9D4 /* SimpleQueue.swift in Sources */,
				CE855C9D1A9CA301007CB9D4 /* SimpleCollectionsTests.swift in Sources */,
				CE855CA31A9CAB53007CB9D4 /* SimpleQueueTests.swift in Sources */,
			);
			runOnlyForDeploymentPostprocessing = 0;
		};
/* End PBXSourcesBuildPhase section */

/* Begin XCBuildConfiguration section */
		8DB1108C1A9A0E1C003B88ED /* Debug */ = {
			isa = XCBuildConfiguration;
			buildSettings = {
				ALWAYS_SEARCH_USER_PATHS = NO;
				CLANG_CXX_LANGUAGE_STANDARD = "gnu++0x";
				CLANG_CXX_LIBRARY = "libc++";
				CLANG_ENABLE_MODULES = YES;
				CLANG_ENABLE_OBJC_ARC = YES;
				CLANG_WARN_BOOL_CONVERSION = YES;
				CLANG_WARN_CONSTANT_CONVERSION = YES;
				CLANG_WARN_DIRECT_OBJC_ISA_USAGE = YES_ERROR;
				CLANG_WARN_EMPTY_BODY = YES;
				CLANG_WARN_ENUM_CONVERSION = YES;
				CLANG_WARN_INT_CONVERSION = YES;
				CLANG_WARN_OBJC_ROOT_CLASS = YES_ERROR;
				CLANG_WARN_UNREACHABLE_CODE = YES;
				CLANG_WARN__DUPLICATE_METHOD_MATCH = YES;
				COPY_PHASE_STRIP = NO;
				ENABLE_STRICT_OBJC_MSGSEND = YES;
				GCC_C_LANGUAGE_STANDARD = gnu99;
				GCC_DYNAMIC_NO_PIC = NO;
				GCC_OPTIMIZATION_LEVEL = 0;
				GCC_PREPROCESSOR_DEFINITIONS = (
					"DEBUG=1",
					"$(inherited)",
				);
				GCC_SYMBOLS_PRIVATE_EXTERN = NO;
				GCC_WARN_64_TO_32_BIT_CONVERSION = YES;
				GCC_WARN_ABOUT_RETURN_TYPE = YES_ERROR;
				GCC_WARN_UNDECLARED_SELECTOR = YES;
				GCC_WARN_UNINITIALIZED_AUTOS = YES_AGGRESSIVE;
				GCC_WARN_UNUSED_FUNCTION = YES;
				GCC_WARN_UNUSED_VARIABLE = YES;
				MACOSX_DEPLOYMENT_TARGET = 10.10;
				MTL_ENABLE_DEBUG_INFO = YES;
				ONLY_ACTIVE_ARCH = YES;
				SDKROOT = macosx;
				SWIFT_OPTIMIZATION_LEVEL = "-Onone";
			};
			name = Debug;
		};
		8DB1108D1A9A0E1C003B88ED /* Release */ = {
			isa = XCBuildConfiguration;
			buildSettings = {
				ALWAYS_SEARCH_USER_PATHS = NO;
				CLANG_CXX_LANGUAGE_STANDARD = "gnu++0x";
				CLANG_CXX_LIBRARY = "libc++";
				CLANG_ENABLE_MODULES = YES;
				CLANG_ENABLE_OBJC_ARC = YES;
				CLANG_WARN_BOOL_CONVERSION = YES;
				CLANG_WARN_CONSTANT_CONVERSION = YES;
				CLANG_WARN_DIRECT_OBJC_ISA_USAGE = YES_ERROR;
				CLANG_WARN_EMPTY_BODY = YES;
				CLANG_WARN_ENUM_CONVERSION = YES;
				CLANG_WARN_INT_CONVERSION = YES;
				CLANG_WARN_OBJC_ROOT_CLASS = YES_ERROR;
				CLANG_WARN_UNREACHABLE_CODE = YES;
				CLANG_WARN__DUPLICATE_METHOD_MATCH = YES;
				COPY_PHASE_STRIP = YES;
				DEBUG_INFORMATION_FORMAT = "dwarf-with-dsym";
				ENABLE_NS_ASSERTIONS = NO;
				ENABLE_STRICT_OBJC_MSGSEND = YES;
				GCC_C_LANGUAGE_STANDARD = gnu99;
				GCC_WARN_64_TO_32_BIT_CONVERSION = YES;
				GCC_WARN_ABOUT_RETURN_TYPE = YES_ERROR;
				GCC_WARN_UNDECLARED_SELECTOR = YES;
				GCC_WARN_UNINITIALIZED_AUTOS = YES_AGGRESSIVE;
				GCC_WARN_UNUSED_FUNCTION = YES;
				GCC_WARN_UNUSED_VARIABLE = YES;
				MACOSX_DEPLOYMENT_TARGET = 10.10;
				MTL_ENABLE_DEBUG_INFO = NO;
				SDKROOT = macosx;
			};
			name = Release;
		};
		8DB1108F1A9A0E1C003B88ED /* Debug */ = {
			isa = XCBuildConfiguration;
			buildSettings = {
				PRODUCT_NAME = "$(TARGET_NAME)";
			};
			name = Debug;
		};
		8DB110901A9A0E1C003B88ED /* Release */ = {
			isa = XCBuildConfiguration;
			buildSettings = {
				PRODUCT_NAME = "$(TARGET_NAME)";
			};
			name = Release;
		};
		CE855C9E1A9CA301007CB9D4 /* Debug */ = {
			isa = XCBuildConfiguration;
			buildSettings = {
				COMBINE_HIDPI_IMAGES = YES;
				FRAMEWORK_SEARCH_PATHS = (
					"$(DEVELOPER_FRAMEWORKS_DIR)",
					"$(inherited)",
				);
				GCC_PREPROCESSOR_DEFINITIONS = (
					"DEBUG=1",
					"$(inherited)",
				);
				INFOPLIST_FILE = SimpleCollectionsTests/Info.plist;
				LD_RUNPATH_SEARCH_PATHS = "$(inherited) @executable_path/../Frameworks @loader_path/../Frameworks";
				PRODUCT_NAME = "$(TARGET_NAME)";
			};
			name = Debug;
		};
		CE855C9F1A9CA301007CB9D4 /* Release */ = {
			isa = XCBuildConfiguration;
			buildSettings = {
				COMBINE_HIDPI_IMAGES = YES;
				FRAMEWORK_SEARCH_PATHS = (
					"$(DEVELOPER_FRAMEWORKS_DIR)",
					"$(inherited)",
				);
				INFOPLIST_FILE = SimpleCollectionsTests/Info.plist;
				LD_RUNPATH_SEARCH_PATHS = "$(inherited) @executable_path/../Frameworks @loader_path/../Frameworks";
				PRODUCT_NAME = "$(TARGET_NAME)";
			};
			name = Release;
		};
/* End XCBuildConfiguration section */

/* Begin XCConfigurationList section */
		8DB110821A9A0E1C003B88ED /* Build configuration list for PBXProject "SimpleCollections" */ = {
			isa = XCConfigurationList;
			buildConfigurations = (
				8DB1108C1A9A0E1C003B88ED /* Debug */,
				8DB1108D1A9A0E1C003B88ED /* Release */,
			);
			defaultConfigurationIsVisible = 0;
			defaultConfigurationName = Release;
		};
		8DB1108E1A9A0E1C003B88ED /* Build configuration list for PBXNativeTarget "SimpleCollections" */ = {
			isa = XCConfigurationList;
			buildConfigurations = (
				8DB1108F1A9A0E1C003B88ED /* Debug */,
				8DB110901A9A0E1C003B88ED /* Release */,
			);
			defaultConfigurationIsVisible = 0;
			defaultConfigurationName = Release;
		};
		CE855CA01A9CA301007CB9D4 /* Build configuration list for PBXNativeTarget "SimpleCollectionsTests" */ = {
			isa = XCConfigurationList;
			buildConfigurations = (
				CE855C9E1A9CA301007CB9D4 /* Debug */,
				CE855C9F1A9CA301007CB9D4 /* Release */,
			);
			defaultConfigurationIsVisible = 0;
		};
/* End XCConfigurationList section */
	};
	rootObject = 8DB1107F1A9A0E1C003B88ED /* Project object */;
}
